{
  "name": "quincy-claw",
  "version": "1.0.0",
  "lockfileVersion": 3,
  "requires": true,
  "packages": {
    "": {
      "name": "quincy-claw",
      "version": "1.0.0",
      "license": "MIT",
      "dependencies": {
        "quincy-claw": "github:nicoacosta/quincy-claw"
      }
    },
    "node_modules/quincy-claw": {
      "version": "1.0.0",
      "resolved": "git+ssh://git@github.com/nicoacosta/quincy-claw.git#cd2989a898fb0f88f13a78aba9b9f90e125f77ab",
      "license": "MIT"
    }
  }
}
