{
  "lockfileVersion": 1,
  "configVersion": 1,
  "workspaces": {
    "": {
      "name": "livecode-engine",
      "dependencies": {
        "@strudel/core": "1.1.0",
        "@strudel/mini": "1.1.0",
        "@strudel/tonal": "1.1.0",
        "@strudel/transpiler": "1.1.0",
        "@strudel/webaudio": "1.1.0",
        "node-web-audio-api": "1.0.8",
        "superdough": "1.1.0",
      },
    },
  },
  "packages": {
    "@babel/runtime": ["@babel/runtime@7.29.2", "", {}, "sha512-JiDShH45zKHWyGe4ZNVRrCjBz8Nh9TMmZG1kh4QTK8hCBTWBi8Da+i7s1fJw7/lYpM4ccepSNfqzZ/QvABBi5g=="],

    "@strudel/core": ["@strudel/core@1.1.0", "", { "dependencies": { "fraction.js": "^4.3.7" } }, "sha512-8qyMIJjXwmmi7A6oJ7reY/npLwCRU3SNRUR+x9BxuHnrLOY+Y7OH3Zi9/wMgVJcZWcsL76K0XIiMt1QuKjfvSg=="],

    "@strudel/draw": ["@strudel/draw@1.1.0", "", { "dependencies": { "@strudel/core": "1.1.0" } }, "sha512-wAqlSbWI/0eR0m1NlWjPvJ7GPpCTGjR0m6K2Avw8eCEx0BqxHo07K1GUWKIwzkS3qG8olLymVda0mvf1NOhCAA=="],

    "@strudel/mini": ["@strudel/mini@1.1.0", "", { "dependencies": { "@strudel/core": "1.1.0" } }, "sha512-anI6LUXU+PyBya0/KI+iC/Dfg3zfxuOK4pRgWJKAJHIMz65pWEwX8G3Ag77C9XLNOGz9y4detXQ9w6y90vDwVg=="],

    "@strudel/tonal": ["@strudel/tonal@1.1.0", "", { "dependencies": { "@strudel/core": "1.1.0", "@tonaljs/tonal": "^4.7.2", "chord-voicings": "^0.0.1", "webmidi": "^3.1.8" } }, "sha512-y8QYO2w6kvL9f8Uyfo220E/w1ga2d5vP+icXhlyjri+qNxwVZmJvkzB+7pwgQtPNgLJJnvrUhQjQzlXXmn/qBw=="],

    "@strudel/transpiler": ["@strudel/transpiler@1.1.0", "", { "dependencies": { "@strudel/core": "1.1.0", "@strudel/mini": "1.1.0", "acorn": "^8.11.3", "escodegen": "^2.1.0", "estree-walker": "^3.0.1" } }, "sha512-GPCHeQsxU8Kz45FRUu3WGOJVIWIjfazbmKauwETHDMDvITdtfkhmYNcYogSteFvlJlVxUlypz0VBVqYgM1hg4A=="],

    "@strudel/webaudio": ["@strudel/webaudio@1.1.0", "", { "dependencies": { "@strudel/core": "1.1.0", "@strudel/draw": "1.1.0", "superdough": "1.1.0" } }, "sha512-9BigqLIP+0CETAtiuG4dbJCoMTTT2brSaWaEVadcwz6SiXPA0dxGjlcLgR/j+iDnCmbAmzgHRkfRbPAe6nS4Tg=="],

    "@tonaljs/abc-notation": ["@tonaljs/abc-notation@4.9.1", "", { "dependencies": { "@tonaljs/pitch-distance": "5.0.5", "@tonaljs/pitch-note": "6.1.0" } }, "sha512-2fDUdPsFDdgZgyIiZCTYGKy30QiwIQxSXCSN2thGrSMXbQKCp8iTC8haStYcrA+25MPWhWlmvC/pz3tGcTNAqQ=="],

    "@tonaljs/array": ["@tonaljs/array@4.8.4", "", { "dependencies": { "@tonaljs/pitch-note": "6.1.0" } }, "sha512-97HVdpZy82PqNBDMM9PRSbO2DUrnxNg3++N4xqLpfby70fKHAHhTWrMXWZK+Dzs76HDPQLd+qhd4cq28eBZzjw=="],

    "@tonaljs/chord": ["@tonaljs/chord@4.10.2", "", { "dependencies": { "@tonaljs/chord-detect": "^4.8.1", "@tonaljs/chord-type": "^4.8.2", "@tonaljs/collection": "^4.8.0", "@tonaljs/core": "^4.10.0", "@tonaljs/pcset": "^4.8.2", "@tonaljs/scale-type": "^4.8.2" } }, "sha512-Zlqtq6c6T4y+EqvwHRQp9icEjHqyniCpnIwwCFg5amgAQwXmWzarouOOSmcdJ1Is92eEvcPVuCoLiVUtajS30A=="],

    "@tonaljs/chord-detect": ["@tonaljs/chord-detect@4.9.1", "", { "dependencies": { "@tonaljs/chord-type": "5.1.1", "@tonaljs/pcset": "4.10.1", "@tonaljs/pitch-note": "6.1.0" } }, "sha512-rV/9+R7aZ9cQorQ3jdNMMMh63onosglYZM71Q0n7KKcWMAGrxF66MzxBG82xy+w1QDMJQslB3iHfDHUiS6wRjA=="],

    "@tonaljs/chord-type": ["@tonaljs/chord-type@4.8.2", "", { "dependencies": { "@tonaljs/core": "^4.8.0", "@tonaljs/pcset": "^4.8.2" } }, "sha512-GzSTjQmZjkUdPhyesFDeJbxpW8R7L/bAE34E8ApGAh9FMcKYpRdX3Tn+gkluRsXOiRMfW07p3E0Adx4bjtyN+Q=="],

    "@tonaljs/collection": ["@tonaljs/collection@4.9.0", "", {}, "sha512-Mk0h7O54nT6PgNVcUYauzxa5KOB23+0AOKudWzRH7JhJIN9vhVIC7PtwZXE+/G051UTbHSFIcN/afkgF4nB/8A=="],

    "@tonaljs/core": ["@tonaljs/core@4.10.4", "", { "dependencies": { "@tonaljs/pitch": "5.0.1", "@tonaljs/pitch-distance": "5.0.2", "@tonaljs/pitch-interval": "5.0.2", "@tonaljs/pitch-note": "5.0.3" } }, "sha512-PhGlQ2Js6rFQ6CufkSiBpEJoPS8QIIhbXSXhT4U+5ffqckli+YBZRN24vjZ4AEKuX8xoYDmCCbl+r6agauvzmw=="],

    "@tonaljs/duration-value": ["@tonaljs/duration-value@4.9.0", "", {}, "sha512-Muz54HyIe0nMYKWx6wyTa4y17ma29DtpJF4/oqJphy6A124rAVDe/SKit8JGOvDYAQj71FUXqs17sXBxO/ExVw=="],

    "@tonaljs/interval": ["@tonaljs/interval@4.8.2", "", { "dependencies": { "@tonaljs/pitch": "^5.0.1", "@tonaljs/pitch-distance": "^5.0.2", "@tonaljs/pitch-interval": "^5.0.2" } }, "sha512-9SEuJuqFdmu9lnvMmJtxbReQcQvZ1YHXhCcxaF6Re23/w+BqiJvvkvNZhfWH+n1+g0uaSdTsuvMfamp7hAvPMw=="],

    "@tonaljs/key": ["@tonaljs/key@4.11.2", "", { "dependencies": { "@tonaljs/note": "4.12.1", "@tonaljs/pitch-note": "6.1.0", "@tonaljs/roman-numeral": "4.9.1" } }, "sha512-fc1y5+NwS4S3amirzYLLB324PxJDO00oIBbLJclAddc46UBeYnu4FNz+1nZboHCXRQ/06/ftuaWD/l7HrAoulw=="],

    "@tonaljs/midi": ["@tonaljs/midi@4.10.2", "", { "dependencies": { "@tonaljs/pitch-note": "6.1.0" } }, "sha512-MPamXhEwPL7L1udLfYMm3Ft8mLYtHr62Zi2w5zYHM2P7YwIvNoiX0+dvAN5is1Wvq4iVRa8AjFHerjOW/SZhGg=="],

    "@tonaljs/mode": ["@tonaljs/mode@4.9.2", "", { "dependencies": { "@tonaljs/collection": "4.9.0", "@tonaljs/interval": "5.1.0", "@tonaljs/pcset": "4.10.1", "@tonaljs/pitch-distance": "5.0.5", "@tonaljs/pitch-note": "6.1.0", "@tonaljs/scale-type": "4.9.2" } }, "sha512-Il48fWX9SnGMzwNFVbizkWkr/SJ+aCIIHhjWfSf1agrQAoq81536qBXEyEyvia6aqEXC4OaXAQ5rSoBcmQRj1Q=="],

    "@tonaljs/note": ["@tonaljs/note@4.12.1", "", { "dependencies": { "@tonaljs/midi": "4.10.2", "@tonaljs/pitch": "5.0.2", "@tonaljs/pitch-distance": "5.0.5", "@tonaljs/pitch-interval": "6.1.0", "@tonaljs/pitch-note": "6.1.0" } }, "sha512-yh6cnhu21bUb0VuIQWxObSbWBVp2cHIkJj4zZ4qsNOW4jSqn74+wHpSbOTDF8q+2hl6upz7TtBRavtqwPtLUCQ=="],

    "@tonaljs/pcset": ["@tonaljs/pcset@4.10.1", "", { "dependencies": { "@tonaljs/collection": "4.9.0", "@tonaljs/pitch": "5.0.2", "@tonaljs/pitch-distance": "5.0.5", "@tonaljs/pitch-interval": "6.1.0", "@tonaljs/pitch-note": "6.1.0" } }, "sha512-CZG1rpKc38yMfpEJsbDTvsTmQqsek9xxcuMgK64Tr6sP1lEiDuZJbQeKVWWRnreBF2FQ1cEGLmfOpvSO+40csA=="],

    "@tonaljs/pitch": ["@tonaljs/pitch@5.0.1", "", {}, "sha512-5HYkF4hGY0jS2y5V3Hf5gNFXX46kT4cAcI7JLEn+qQb9N1dU9Gz9koI9di0mD1Tbam+kviceiCsJl4WX/FqYjA=="],

    "@tonaljs/pitch-distance": ["@tonaljs/pitch-distance@5.0.5", "", { "dependencies": { "@tonaljs/pitch": "5.0.2", "@tonaljs/pitch-interval": "6.1.0", "@tonaljs/pitch-note": "6.1.0" } }, "sha512-dTfjsU0zyrj5YmiFio5prPaD5w7sBmHp4nnmlEg70nHY+SerAH0KiO9HM9usttVgRFUaXl0Gc7OI8YMGfSFmug=="],

    "@tonaljs/pitch-interval": ["@tonaljs/pitch-interval@5.0.2", "", { "dependencies": { "@tonaljs/pitch": "5.0.1" } }, "sha512-bQmxeenRFNuuABs9mDc+bSUp3ySGw8I49pHMoGDdCcro9n3MDN8IsSwhvKoGOYErFMx76rNn1t+7WL8ukpvX5w=="],

    "@tonaljs/pitch-note": ["@tonaljs/pitch-note@6.1.0", "", { "dependencies": { "@tonaljs/pitch": "5.0.2" } }, "sha512-A4OSLo8DjM38u73862LnDmL4YInDDRBmg0fojXcvu4cyU3oOlqndyeHOra1OVoH/WW46uNIxNs1wJDZNPWL5KQ=="],

    "@tonaljs/progression": ["@tonaljs/progression@4.9.2", "", { "dependencies": { "@tonaljs/chord": "6.1.2", "@tonaljs/pitch-distance": "5.0.5", "@tonaljs/pitch-interval": "6.1.0", "@tonaljs/pitch-note": "6.1.0", "@tonaljs/roman-numeral": "4.9.1" } }, "sha512-1Pmau5tKoWmY2H/fp9WVJ5Qm4c+xlu7IEZb3R3uLbc26kJq97DbuSnfArIAQoZTum2V6lOEN/Dt34E9OrGKnoA=="],

    "@tonaljs/range": ["@tonaljs/range@4.9.2", "", { "dependencies": { "@tonaljs/collection": "4.9.0", "@tonaljs/midi": "4.10.2" } }, "sha512-XhFbCJCrEEIVz3MNmdVp9QUyiJA6eqnNnQeNqto8AuT5BYuffHDoMkBmvvjPuV5Lh8zfF9D0aqglvqPbZ+neKQ=="],

    "@tonaljs/roman-numeral": ["@tonaljs/roman-numeral@4.9.1", "", { "dependencies": { "@tonaljs/pitch": "5.0.2", "@tonaljs/pitch-interval": "6.1.0", "@tonaljs/pitch-note": "6.1.0" } }, "sha512-dJGKBNHdPrNTE97ZDk4t6wpNmgYcpHyLkAvWkRP9I/HsDkeTFFQqNXosYIvspPWrFySlRpeqqFwcqV74MYoOag=="],

    "@tonaljs/scale": ["@tonaljs/scale@4.13.4", "", { "dependencies": { "@tonaljs/chord-type": "5.1.1", "@tonaljs/collection": "4.9.0", "@tonaljs/note": "4.12.1", "@tonaljs/pcset": "4.10.1", "@tonaljs/pitch-distance": "5.0.5", "@tonaljs/pitch-note": "6.1.0", "@tonaljs/scale-type": "4.9.2" } }, "sha512-hyilnmsCmoGQiRhYWKM1QPrqaNH3KGEfrSfxeXcicPnEh12yvrVRm4djKmTVw7Rc/5P4GniPAA51+CS0C5dbLw=="],

    "@tonaljs/scale-type": ["@tonaljs/scale-type@4.9.2", "", { "dependencies": { "@tonaljs/pcset": "4.10.1" } }, "sha512-XDRPySg0X6owJ6AVzVRpS4ZpgleAUQakuq5VtfQ0JitnJKGRYo5Y0w7Fl/wEz/X9aEMk2lxcdF8VGGMIsQFo0g=="],

    "@tonaljs/time-signature": ["@tonaljs/time-signature@4.9.0", "", {}, "sha512-zRo8CBqg/2guzTlF2vxyVIuB5gmwWQaxlknJPUSDII8CTdQ/x3a1LlNoMKkvTUnqwCihe3WrNPZ5XUfOOTthYA=="],

    "@tonaljs/tonal": ["@tonaljs/tonal@4.10.0", "", { "dependencies": { "@tonaljs/abc-notation": "^4.8.0", "@tonaljs/array": "^4.8.0", "@tonaljs/chord": "^4.8.0", "@tonaljs/chord-type": "^4.8.0", "@tonaljs/collection": "^4.8.0", "@tonaljs/core": "^4.8.0", "@tonaljs/duration-value": "^4.8.0", "@tonaljs/interval": "^4.8.0", "@tonaljs/key": "^4.9.0", "@tonaljs/midi": "^4.8.0", "@tonaljs/mode": "^4.8.0", "@tonaljs/note": "^4.9.0", "@tonaljs/pcset": "^4.8.0", "@tonaljs/progression": "^4.8.0", "@tonaljs/range": "^4.8.0", "@tonaljs/roman-numeral": "^4.8.0", "@tonaljs/scale": "^4.9.0", "@tonaljs/scale-type": "^4.8.0", "@tonaljs/time-signature": "^4.8.0" } }, "sha512-F2T9Fiy+j0MVped89kCrX1XF68mQOLUnny4pDOHrIf+OkrjtLQOzzaSOrX1tx0o72WUwQm1knz6D1d57b9X1HA=="],

    "@types/estree": ["@types/estree@1.0.8", "", {}, "sha512-dWHzHa2WqEXI/O1E9OjrocMTKJl2mSrEolh1Iomrv6U+JuNwaHXsXx9bLu5gG7BUWFIN0skIQJQ/L1rIex4X6w=="],

    "acorn": ["acorn@8.16.0", "", { "bin": { "acorn": "bin/acorn" } }, "sha512-UVJyE9MttOsBQIDKw1skb9nAwQuR5wuGD3+82K6JgJlm/Y+KI92oNsMNGZCYdDsVtRHSak0pcV5Dno5+4jh9sw=="],

    "caller": ["caller@1.1.0", "", {}, "sha512-n+21IZC3j06YpCWaxmUy5AnVqhmCIM2bQtqQyy00HJlmStRt6kwDX5F9Z97pqwAB+G/tgSz6q/kUBbNyQzIubw=="],

    "chord-voicings": ["chord-voicings@0.0.1", "", { "dependencies": { "@tonaljs/tonal": "^4.6.5" } }, "sha512-SutgB/4ynkkuiK6qdQ/k3QvCFcH0Vj8Ch4t6LbRyRQbVzP/TOztiCk3kvXd516UZ6fqk7ijDRELEFcKN+6V8sA=="],

    "data-uri-to-buffer": ["data-uri-to-buffer@4.0.1", "", {}, "sha512-0R9ikRb668HB7QDxT1vkpuUBtqc53YyAwMwGeUFKRojY/NWKvdZ+9UYtRfGmhqNbRkTSVpMbmyhXipFFv2cb/A=="],

    "djipevents": ["djipevents@2.0.7", "", { "dependencies": { "@babel/runtime": "^7.20.6" } }, "sha512-KNFYaU85imxOCKOUsIR70Iz9E19r96/X7LSH+u0tSoZdpWcBdzoqtTsU+wuLhc6GMpSFob+KInkZAbfKi01Bjg=="],

    "escodegen": ["escodegen@2.1.0", "", { "dependencies": { "esprima": "^4.0.1", "estraverse": "^5.2.0", "esutils": "^2.0.2" }, "optionalDependencies": { "source-map": "~0.6.1" }, "bin": { "esgenerate": "bin/esgenerate.js", "escodegen": "bin/escodegen.js" } }, "sha512-2NlIDTwUWJN0mRPQOdtQBzbUHvdGY2P1VXSyU83Q3xKxM7WHX2Ql8dKq782Q9TgQUNOLEzEYu9bzLNj1q88I5w=="],

    "esprima": ["esprima@4.0.1", "", { "bin": { "esparse": "./bin/esparse.js", "esvalidate": "./bin/esvalidate.js" } }, "sha512-eGuFFw7Upda+g4p+QHvnW0RyTX/SVeJBDM/gCtMARO0cLuT2HcEKnTPvhjV6aGeqrCB/sbNop0Kszm0jsaWU4A=="],

    "estraverse": ["estraverse@5.3.0", "", {}, "sha512-MMdARuVEQziNTeJD8DgMqmhwR11BRQ/cBP+pLtYdSTnf3MIO8fFeiINEbX36ZdNlfU/7A9f3gUw49B3oQsvwBA=="],

    "estree-walker": ["estree-walker@3.0.3", "", { "dependencies": { "@types/estree": "^1.0.0" } }, "sha512-7RUKfXgSMMkzt6ZuXmqapOurLGPPfgj6l9uRZ7lRGolvk0y2yocc35LdcxKC5PQZdn2DMqioAQ2NoWcrTKmm6g=="],

    "esutils": ["esutils@2.0.3", "", {}, "sha512-kVscqXk4OCp68SZ0dkgEKVi6/8ij300KBWTJq32P/dYeWTSwK41WyTxalN1eRmA5Z9UU/LX9D7FWSmV9SAYx6g=="],

    "fetch-blob": ["fetch-blob@3.2.0", "", { "dependencies": { "node-domexception": "^1.0.0", "web-streams-polyfill": "^3.0.3" } }, "sha512-7yAQpD2UMJzLi1Dqv7qFYnPbaPx7ZfFK6PiIxQ4PfkGPyNyl2Ugx+a/umUonmKqjhM4DnfbMvdX6otXq83soQQ=="],

    "formdata-polyfill": ["formdata-polyfill@4.0.10", "", { "dependencies": { "fetch-blob": "^3.1.2" } }, "sha512-buewHzMvYL29jdeQTVILecSaZKnt/RJWjoZCF5OW60Z67/GmSLBkOFM7qh1PI3zFNtJbaZL5eQu1vLfazOwj4g=="],

    "fraction.js": ["fraction.js@4.3.7", "", {}, "sha512-ZsDfxO51wGAXREY55a7la9LScWpwv9RxIrYABrlvOFBlH/ShPnrtsXeuUIfXKKOVicNxQ+o8JTbJvjS4M89yew=="],

    "jazz-midi": ["jazz-midi@1.7.9", "", {}, "sha512-c8c4BBgwxdsIr1iVm53nadCrtH7BUlnX3V95ciK/gbvXN/ndE5+POskBalXgqlc/r9p2XUbdLTrgrC6fou5p9w=="],

    "jzz": ["jzz@1.9.6", "", { "dependencies": { "jazz-midi": "^1.7.9" } }, "sha512-J7ENLhXwfm2BNDKRUrL8eKtPhUS/CtMBpiafxQHDBcOWSocLhearDKEdh+ylnZFcr5OXWTed0gj6l/txeQA9vg=="],

    "nanostores": ["nanostores@0.9.5", "", {}, "sha512-Z+p+g8E7yzaWwOe5gEUB2Ox0rCEeXWYIZWmYvw/ajNYX8DlXdMvMDj8DWfM/subqPAcsf8l8Td4iAwO1DeIIRQ=="],

    "node-domexception": ["node-domexception@1.0.0", "", {}, "sha512-/jKZoMpw0F8GRwl4/eLROPA3cfcXtLApP0QzLmUT/HuPCZWyB7IY9ZrMeKw2O/nFIqPQB3PVM9aYm0F312AXDQ=="],

    "node-fetch": ["node-fetch@3.3.2", "", { "dependencies": { "data-uri-to-buffer": "^4.0.0", "fetch-blob": "^3.1.4", "formdata-polyfill": "^4.0.10" } }, "sha512-dRB78srN/l6gqWulah9SrxeYnxeddIG30+GOqK/9OlLVyLg3HPnr6SqOWTWOXKRwC2eGYCkZ59NNuSgvSrpgOA=="],

    "node-web-audio-api": ["node-web-audio-api@1.0.8", "", { "dependencies": { "caller": "^1.1.0", "node-fetch": "^3.3.2", "webidl-conversions": "^7.0.0" } }, "sha512-xEQs4ySdyQ28T0zf8FjP96AzkWwE6dObaBsBxqJAbB4kpYMrVfIdAD0HjpY5tdN0pEDfEHyQ3S+0fTEk8SlqrQ=="],

    "source-map": ["source-map@0.6.1", "", {}, "sha512-UjgapumWlbMhkBgzT7Ykc5YXUT46F0iKu8SGXq0bcwP5dz/h0Plj6enJqjz1Zbq2l5WaqYnrVbwWOWMyF3F47g=="],

    "superdough": ["superdough@1.1.0", "", { "dependencies": { "nanostores": "^0.9.5" } }, "sha512-8UcCjMakhiZOrKFHS08LmrQZrrzp+om2FouTPFhg1/E1K+gGrsMUYyD6hJl7sa5IM+18Gm/GrBnXoShaqVK7FQ=="],

    "web-streams-polyfill": ["web-streams-polyfill@3.3.3", "", {}, "sha512-d2JWLCivmZYTSIoge9MsgFCZrt571BikcWGYkjC1khllbTeDlGqZ2D8vD8E/lJa8WGWbb7Plm8/XJYV7IJHZZw=="],

    "webidl-conversions": ["webidl-conversions@7.0.0", "", {}, "sha512-VwddBukDzu71offAQR975unBIGqfKZpM+8ZX6ySk8nYhVoo5CYaZyzt3YBvYtRtO+aoGlqxPg/B87NGVZ/fu6g=="],

    "webmidi": ["webmidi@3.1.14", "", { "dependencies": { "djipevents": "^2.0.7" }, "optionalDependencies": { "jzz": "^1.8.5" } }, "sha512-K9GzNm0J3R/61NJWAW7ipAJGWU5D/8bEjOir3PymFjLDpbQJ+ygjvm5jx/WQ8atQ1hu23St3lvnc5g1NKbOsrw=="],

    "@tonaljs/chord-detect/@tonaljs/chord-type": ["@tonaljs/chord-type@5.1.1", "", { "dependencies": { "@tonaljs/pcset": "4.10.1" } }, "sha512-ti4WzRYvvjH7to0G3zlJFq7WsjHqmcqbk8Jv98aZSR5YumLdY/ua2yOPPyoPq82n6vfgjZsacnAZ3v8/SodOcw=="],

    "@tonaljs/core/@tonaljs/pitch-distance": ["@tonaljs/pitch-distance@5.0.2", "", { "dependencies": { "@tonaljs/pitch": "5.0.1", "@tonaljs/pitch-interval": "5.0.2", "@tonaljs/pitch-note": "5.0.3" } }, "sha512-DPxfGJCf4BvfIVRxl2v142tuCKIziM6PomOBT0/s7U5o+Z5qFAIW0tNx/MKyL83guV74p+XIf5VI0w1flmXxDA=="],

    "@tonaljs/core/@tonaljs/pitch-note": ["@tonaljs/pitch-note@5.0.3", "", { "dependencies": { "@tonaljs/pitch": "5.0.1" } }, "sha512-JsPgqPa8VZdZtfwvgoHJz996BZqzvlnRxUF6c/Q9q8E0iq30UHBEid0Y6XldK+h6tuIENsG3a9jyvNNxRqIeYw=="],

    "@tonaljs/interval/@tonaljs/pitch": ["@tonaljs/pitch@5.0.2", "", {}, "sha512-mxaXJPPe+LIJdjzpZEl8I8Wx3dEvlzkBbsr2Ltwc2dTAdnErAZ5R0TxVq2egF27lMvQN2QPQPWI9iDPPdVUmrg=="],

    "@tonaljs/mode/@tonaljs/interval": ["@tonaljs/interval@5.1.0", "", { "dependencies": { "@tonaljs/pitch": "^5.0.2", "@tonaljs/pitch-distance": "^5.0.4", "@tonaljs/pitch-interval": "^6.0.0" } }, "sha512-GR9dUjn0j7yhjwjRh8HQxZYXOiVl05WfY3AFyMB9rfg807K4dSJmWfPTULPQXyHJ6NiZOPXcwRs8MxMLDxgdbg=="],

    "@tonaljs/note/@tonaljs/pitch": ["@tonaljs/pitch@5.0.2", "", {}, "sha512-mxaXJPPe+LIJdjzpZEl8I8Wx3dEvlzkBbsr2Ltwc2dTAdnErAZ5R0TxVq2egF27lMvQN2QPQPWI9iDPPdVUmrg=="],

    "@tonaljs/note/@tonaljs/pitch-interval": ["@tonaljs/pitch-interval@6.1.0", "", { "dependencies": { "@tonaljs/pitch": "5.0.2" } }, "sha512-9ZMxA7V4UgySnOKPIG6HECzhDb8mbiTCIdNNIzCIfz5XpjUmohku2YZpVVWMacLHgyeQicJzNoRiPel5oSAn4A=="],

    "@tonaljs/pcset/@tonaljs/pitch": ["@tonaljs/pitch@5.0.2", "", {}, "sha512-mxaXJPPe+LIJdjzpZEl8I8Wx3dEvlzkBbsr2Ltwc2dTAdnErAZ5R0TxVq2egF27lMvQN2QPQPWI9iDPPdVUmrg=="],

    "@tonaljs/pcset/@tonaljs/pitch-interval": ["@tonaljs/pitch-interval@6.1.0", "", { "dependencies": { "@tonaljs/pitch": "5.0.2" } }, "sha512-9ZMxA7V4UgySnOKPIG6HECzhDb8mbiTCIdNNIzCIfz5XpjUmohku2YZpVVWMacLHgyeQicJzNoRiPel5oSAn4A=="],

    "@tonaljs/pitch-distance/@tonaljs/pitch": ["@tonaljs/pitch@5.0.2", "", {}, "sha512-mxaXJPPe+LIJdjzpZEl8I8Wx3dEvlzkBbsr2Ltwc2dTAdnErAZ5R0TxVq2egF27lMvQN2QPQPWI9iDPPdVUmrg=="],

    "@tonaljs/pitch-distance/@tonaljs/pitch-interval": ["@tonaljs/pitch-interval@6.1.0", "", { "dependencies": { "@tonaljs/pitch": "5.0.2" } }, "sha512-9ZMxA7V4UgySnOKPIG6HECzhDb8mbiTCIdNNIzCIfz5XpjUmohku2YZpVVWMacLHgyeQicJzNoRiPel5oSAn4A=="],

    "@tonaljs/pitch-note/@tonaljs/pitch": ["@tonaljs/pitch@5.0.2", "", {}, "sha512-mxaXJPPe+LIJdjzpZEl8I8Wx3dEvlzkBbsr2Ltwc2dTAdnErAZ5R0TxVq2egF27lMvQN2QPQPWI9iDPPdVUmrg=="],

    "@tonaljs/progression/@tonaljs/chord": ["@tonaljs/chord@6.1.2", "", { "dependencies": { "@tonaljs/chord-detect": "4.9.1", "@tonaljs/chord-type": "5.1.1", "@tonaljs/collection": "4.9.0", "@tonaljs/interval": "^5.1.0", "@tonaljs/pcset": "4.10.1", "@tonaljs/pitch-distance": "5.0.5", "@tonaljs/pitch-note": "6.1.0", "@tonaljs/scale-type": "4.9.2" } }, "sha512-39crsPVyBJxdGJ1DGl+4diM+6+mZ/ws6crkQMlqX4zTYHMUVfJOQrko4mPF1CD89AFhHJe1zCT9Js+nNp3Gffg=="],

    "@tonaljs/progression/@tonaljs/pitch-interval": ["@tonaljs/pitch-interval@6.1.0", "", { "dependencies": { "@tonaljs/pitch": "5.0.2" } }, "sha512-9ZMxA7V4UgySnOKPIG6HECzhDb8mbiTCIdNNIzCIfz5XpjUmohku2YZpVVWMacLHgyeQicJzNoRiPel5oSAn4A=="],

    "@tonaljs/roman-numeral/@tonaljs/pitch": ["@tonaljs/pitch@5.0.2", "", {}, "sha512-mxaXJPPe+LIJdjzpZEl8I8Wx3dEvlzkBbsr2Ltwc2dTAdnErAZ5R0TxVq2egF27lMvQN2QPQPWI9iDPPdVUmrg=="],

    "@tonaljs/roman-numeral/@tonaljs/pitch-interval": ["@tonaljs/pitch-interval@6.1.0", "", { "dependencies": { "@tonaljs/pitch": "5.0.2" } }, "sha512-9ZMxA7V4UgySnOKPIG6HECzhDb8mbiTCIdNNIzCIfz5XpjUmohku2YZpVVWMacLHgyeQicJzNoRiPel5oSAn4A=="],

    "@tonaljs/scale/@tonaljs/chord-type": ["@tonaljs/chord-type@5.1.1", "", { "dependencies": { "@tonaljs/pcset": "4.10.1" } }, "sha512-ti4WzRYvvjH7to0G3zlJFq7WsjHqmcqbk8Jv98aZSR5YumLdY/ua2yOPPyoPq82n6vfgjZsacnAZ3v8/SodOcw=="],

    "@tonaljs/mode/@tonaljs/interval/@tonaljs/pitch": ["@tonaljs/pitch@5.0.2", "", {}, "sha512-mxaXJPPe+LIJdjzpZEl8I8Wx3dEvlzkBbsr2Ltwc2dTAdnErAZ5R0TxVq2egF27lMvQN2QPQPWI9iDPPdVUmrg=="],

    "@tonaljs/mode/@tonaljs/interval/@tonaljs/pitch-interval": ["@tonaljs/pitch-interval@6.1.0", "", { "dependencies": { "@tonaljs/pitch": "5.0.2" } }, "sha512-9ZMxA7V4UgySnOKPIG6HECzhDb8mbiTCIdNNIzCIfz5XpjUmohku2YZpVVWMacLHgyeQicJzNoRiPel5oSAn4A=="],

    "@tonaljs/progression/@tonaljs/chord/@tonaljs/chord-type": ["@tonaljs/chord-type@5.1.1", "", { "dependencies": { "@tonaljs/pcset": "4.10.1" } }, "sha512-ti4WzRYvvjH7to0G3zlJFq7WsjHqmcqbk8Jv98aZSR5YumLdY/ua2yOPPyoPq82n6vfgjZsacnAZ3v8/SodOcw=="],

    "@tonaljs/progression/@tonaljs/chord/@tonaljs/interval": ["@tonaljs/interval@5.1.0", "", { "dependencies": { "@tonaljs/pitch": "^5.0.2", "@tonaljs/pitch-distance": "^5.0.4", "@tonaljs/pitch-interval": "^6.0.0" } }, "sha512-GR9dUjn0j7yhjwjRh8HQxZYXOiVl05WfY3AFyMB9rfg807K4dSJmWfPTULPQXyHJ6NiZOPXcwRs8MxMLDxgdbg=="],

    "@tonaljs/progression/@tonaljs/pitch-interval/@tonaljs/pitch": ["@tonaljs/pitch@5.0.2", "", {}, "sha512-mxaXJPPe+LIJdjzpZEl8I8Wx3dEvlzkBbsr2Ltwc2dTAdnErAZ5R0TxVq2egF27lMvQN2QPQPWI9iDPPdVUmrg=="],

    "@tonaljs/progression/@tonaljs/chord/@tonaljs/interval/@tonaljs/pitch": ["@tonaljs/pitch@5.0.2", "", {}, "sha512-mxaXJPPe+LIJdjzpZEl8I8Wx3dEvlzkBbsr2Ltwc2dTAdnErAZ5R0TxVq2egF27lMvQN2QPQPWI9iDPPdVUmrg=="],
  }
}
